
Microsoft Visual Studio Solution File, Format Version 12.00
# Visual Studio Version 16
VisualStudioVersion = 16.0.31911.196
MinimumVisualStudioVersion = 10.0.40219.1
Project("{FAE04EC0-301F-11D3-BF4B-00C04F79EFBC}") = "ChatSignalIr", "ChatSignalIr\ChatSignalIr.csproj", "{ED43704B-29C3-4150-9881-878A94403521}"
EndProject
Global
	GlobalSection(SolutionConfigurationPlatforms) = preSolution
		Debug|Any CPU = Debug|Any CPU
		Release|Any CPU = Release|Any CPU
	EndGlobalSection
	GlobalSection(ProjectConfigurationPlatforms) = postSolution
		{ED43704B-29C3-4150-9881-878A94403521}.Debug|Any CPU.ActiveCfg = Debug|Any CPU
		{ED43704B-29C3-4150-9881-878A94403521}.Debug|Any CPU.Build.0 = Debug|Any CPU
		{ED43704B-29C3-4150-9881-878A94403521}.Release|Any CPU.ActiveCfg = Release|Any CPU
		{ED43704B-29C3-4150-9881-878A94403521}.Release|Any CPU.Build.0 = Release|Any CPU
	EndGlobalSection
	GlobalSection(SolutionProperties) = preSolution
		HideSolutionNode = FALSE
	EndGlobalSection
	GlobalSection(ExtensibilityGlobals) = postSolution
		SolutionGuid = {63344B4C-4DB3-4967-9456-1C66AA0BD0F2}
	EndGlobalSection
EndGlobal
